
Microsoft Visual Studio Solution File, Format Version 12.00
# Visual Studio Version 16
VisualStudioVersion = 16.0.30503.244
MinimumVisualStudioVersion = 10.0.40219.1
Project("{FAE04EC0-301F-11D3-BF4B-00C04F79EFBC}") = "thaotacvoimang", "thaotacvoimang.csproj", "{8F11318C-70E4-435F-91AB-2F22FD8CFD8D}"
EndProject
Global
	GlobalSection(SolutionConfigurationPlatforms) = preSolution
		Debug|Any CPU = Debug|Any CPU
		Release|Any CPU = Release|Any CPU
	EndGlobalSection
	GlobalSection(ProjectConfigurationPlatforms) = postSolution
		{8F11318C-70E4-435F-91AB-2F22FD8CFD8D}.Debug|Any CPU.ActiveCfg = Debug|Any CPU
		{8F11318C-70E4-435F-91AB-2F22FD8CFD8D}.Debug|Any CPU.Build.0 = Debug|Any CPU
		{8F11318C-70E4-435F-91AB-2F22FD8CFD8D}.Release|Any CPU.ActiveCfg = Release|Any CPU
		{8F11318C-70E4-435F-91AB-2F22FD8CFD8D}.Release|Any CPU.Build.0 = Release|Any CPU
	EndGlobalSection
	GlobalSection(SolutionProperties) = preSolution
		HideSolutionNode = FALSE
	EndGlobalSection
	GlobalSection(ExtensibilityGlobals) = postSolution
		SolutionGuid = {912B9F1F-FA1E-42F0-944A-DC6C7FA90BDB}
	EndGlobalSection
EndGlobal
